
Microsoft Visual Studio Solution File, Format Version 12.00
# Visual Studio Version 16
VisualStudioVersion = 16.0.29728.190
MinimumVisualStudioVersion = 10.0.40219.1
Project("{9A19103F-16F7-4668-BE54-9A1E7A4F7556}") = "AWSLambda1", "AWSLambda1\AWSLambda1.csproj", "{28F2311E-C1DD-4776-BBB9-454BB454FD72}"
EndProject
Global
	GlobalSection(SolutionConfigurationPlatforms) = preSolution
		Debug|Any CPU = Debug|Any CPU
		Release|Any CPU = Release|Any CPU
	EndGlobalSection
	GlobalSection(ProjectConfigurationPlatforms) = postSolution
		{28F2311E-C1DD-4776-BBB9-454BB454FD72}.Debug|Any CPU.ActiveCfg = Debug|Any CPU
		{28F2311E-C1DD-4776-BBB9-454BB454FD72}.Debug|Any CPU.Build.0 = Debug|Any CPU
		{28F2311E-C1DD-4776-BBB9-454BB454FD72}.Release|Any CPU.ActiveCfg = Release|Any CPU
		{28F2311E-C1DD-4776-BBB9-454BB454FD72}.Release|Any CPU.Build.0 = Release|Any CPU
	EndGlobalSection
	GlobalSection(SolutionProperties) = preSolution
		HideSolutionNode = FALSE
	EndGlobalSection
	GlobalSection(ExtensibilityGlobals) = postSolution
		SolutionGuid = {EFE6B1E5-67C0-4DA9-8A66-5704696A52F5}
	EndGlobalSection
EndGlobal
